
Microsoft Visual Studio Solution File, Format Version 12.00
# Visual Studio 2012
Project("{FAE04EC0-301F-11D3-BF4B-00C04F79EFBC}") = "Mdbe.Web", "Mdbe.Web\Mdbe.Web.csproj", "{4EDD52CE-88CA-4167-A553-C5A2A0E1624E}"
EndProject
Project("{FAE04EC0-301F-11D3-BF4B-00C04F79EFBC}") = "Mdbe.Core", "Mdbe.Core\Mdbe.Core.csproj", "{6D6DF327-5270-4422-84D5-E4CBE274A2A1}"
EndProject
Project("{FAE04EC0-301F-11D3-BF4B-00C04F79EFBC}") = "Mdbe.Core.Tests", "Mdbe.Core.Tests\Mdbe.Core.Tests.csproj", "{B4F7171B-9893-4426-9C36-13E1E81E871B}"
EndProject
Global
	GlobalSection(SolutionConfigurationPlatforms) = preSolution
		Debug|Any CPU = Debug|Any CPU
		Release|Any CPU = Release|Any CPU
	EndGlobalSection
	GlobalSection(ProjectConfigurationPlatforms) = postSolution
		{4EDD52CE-88CA-4167-A553-C5A2A0E1624E}.Debug|Any CPU.ActiveCfg = Debug|Any CPU
		{4EDD52CE-88CA-4167-A553-C5A2A0E1624E}.Debug|Any CPU.Build.0 = Debug|Any CPU
		{4EDD52CE-88CA-4167-A553-C5A2A0E1624E}.Release|Any CPU.ActiveCfg = Release|Any CPU
		{4EDD52CE-88CA-4167-A553-C5A2A0E1624E}.Release|Any CPU.Build.0 = Release|Any CPU
		{6D6DF327-5270-4422-84D5-E4CBE274A2A1}.Debug|Any CPU.ActiveCfg = Debug|Any CPU
		{6D6DF327-5270-4422-84D5-E4CBE274A2A1}.Debug|Any CPU.Build.0 = Debug|Any CPU
		{6D6DF327-5270-4422-84D5-E4CBE274A2A1}.Release|Any CPU.ActiveCfg = Release|Any CPU
		{6D6DF327-5270-4422-84D5-E4CBE274A2A1}.Release|Any CPU.Build.0 = Release|Any CPU
		{B4F7171B-9893-4426-9C36-13E1E81E871B}.Debug|Any CPU.ActiveCfg = Debug|Any CPU
		{B4F7171B-9893-4426-9C36-13E1E81E871B}.Debug|Any CPU.Build.0 = Debug|Any CPU
		{B4F7171B-9893-4426-9C36-13E1E81E871B}.Release|Any CPU.ActiveCfg = Release|Any CPU
		{B4F7171B-9893-4426-9C36-13E1E81E871B}.Release|Any CPU.Build.0 = Release|Any CPU
	EndGlobalSection
	GlobalSection(SolutionProperties) = preSolution
		HideSolutionNode = FALSE
	EndGlobalSection
EndGlobal
