
Microsoft Visual Studio Solution File, Format Version 12.00
# Visual Studio 2012
Project("{FAE04EC0-301F-11D3-BF4B-00C04F79EFBC}") = "Mdbe.Web", "Mdbe.Web\Mdbe.Web.csproj", "{4EDD52CE-88CA-4167-A553-C5A2A0E1624E}"
EndProject
Project("{FAE04EC0-301F-11D3-BF4B-00C04F79EFBC}") = "Mdbe.Core", "Mdbe.Core\Mdbe.Core.csproj", "{6D6DF327-5270-4422-84D5-E4CBE274A2A1}"
EndProject
Global
	GlobalSection(TeamFoundationVersionControl) = preSolution
		SccNumberOfProjects = 3
		SccEnterpriseProvider = {4CA58AB2-18FA-4F8D-95D4-32DDF27D184C}
		SccTeamFoundationServer = https://sluu99.visualstudio.com/defaultcollection
		SccLocalPath0 = .
		SccProjectUniqueName1 = Mdbe.Core\\Mdbe.Core.csproj
		SccProjectName1 = Mdbe.Core
		SccLocalPath1 = Mdbe.Core
		SccProjectUniqueName2 = Mdbe.Web\\Mdbe.Web.csproj
		SccProjectName2 = Mdbe.Web
		SccLocalPath2 = Mdbe.Web
	EndGlobalSection
	GlobalSection(SolutionConfigurationPlatforms) = preSolution
		Debug|Any CPU = Debug|Any CPU
		Release|Any CPU = Release|Any CPU
	EndGlobalSection
	GlobalSection(ProjectConfigurationPlatforms) = postSolution
		{4EDD52CE-88CA-4167-A553-C5A2A0E1624E}.Debug|Any CPU.ActiveCfg = Debug|Any CPU
		{4EDD52CE-88CA-4167-A553-C5A2A0E1624E}.Debug|Any CPU.Build.0 = Debug|Any CPU
		{4EDD52CE-88CA-4167-A553-C5A2A0E1624E}.Release|Any CPU.ActiveCfg = Release|Any CPU
		{4EDD52CE-88CA-4167-A553-C5A2A0E1624E}.Release|Any CPU.Build.0 = Release|Any CPU
		{6D6DF327-5270-4422-84D5-E4CBE274A2A1}.Debug|Any CPU.ActiveCfg = Debug|Any CPU
		{6D6DF327-5270-4422-84D5-E4CBE274A2A1}.Debug|Any CPU.Build.0 = Debug|Any CPU
		{6D6DF327-5270-4422-84D5-E4CBE274A2A1}.Release|Any CPU.ActiveCfg = Release|Any CPU
		{6D6DF327-5270-4422-84D5-E4CBE274A2A1}.Release|Any CPU.Build.0 = Release|Any CPU
	EndGlobalSection
	GlobalSection(SolutionProperties) = preSolution
		HideSolutionNode = FALSE
	EndGlobalSection
EndGlobal
